
Microsoft Visual Studio Solution File, Format Version 12.00
# Visual Studio Version 17
VisualStudioVersion = 17.5.33502.453
MinimumVisualStudioVersion = 10.0.40219.1
Project("{F184B08F-C81C-45F6-A57F-5ABD9991F28F}") = "lab9-10v3", "lab9-10v3.vbproj", "{30F4C75F-FAD0-4E52-9E38-CAA70564FB88}"
EndProject
Global
	GlobalSection(SolutionConfigurationPlatforms) = preSolution
		Debug|Any CPU = Debug|Any CPU
		Release|Any CPU = Release|Any CPU
	EndGlobalSection
	GlobalSection(ProjectConfigurationPlatforms) = postSolution
		{30F4C75F-FAD0-4E52-9E38-CAA70564FB88}.Debug|Any CPU.ActiveCfg = Debug|Any CPU
		{30F4C75F-FAD0-4E52-9E38-CAA70564FB88}.Debug|Any CPU.Build.0 = Debug|Any CPU
		{30F4C75F-FAD0-4E52-9E38-CAA70564FB88}.Release|Any CPU.ActiveCfg = Release|Any CPU
		{30F4C75F-FAD0-4E52-9E38-CAA70564FB88}.Release|Any CPU.Build.0 = Release|Any CPU
	EndGlobalSection
	GlobalSection(SolutionProperties) = preSolution
		HideSolutionNode = FALSE
	EndGlobalSection
	GlobalSection(ExtensibilityGlobals) = postSolution
		SolutionGuid = {060D6D83-8BFF-48B2-A899-4B42295F97B9}
	EndGlobalSection
EndGlobal
