
Microsoft Visual Studio Solution File, Format Version 12.00
# Visual Studio Version 17
VisualStudioVersion = 17.5.33502.453
MinimumVisualStudioVersion = 10.0.40219.1
Project("{F184B08F-C81C-45F6-A57F-5ABD9991F28F}") = "lab9-10v2", "lab9-10v2.vbproj", "{423B3FCF-6756-400D-A983-62133891C5F9}"
EndProject
Global
	GlobalSection(SolutionConfigurationPlatforms) = preSolution
		Debug|Any CPU = Debug|Any CPU
		Release|Any CPU = Release|Any CPU
	EndGlobalSection
	GlobalSection(ProjectConfigurationPlatforms) = postSolution
		{423B3FCF-6756-400D-A983-62133891C5F9}.Debug|Any CPU.ActiveCfg = Debug|Any CPU
		{423B3FCF-6756-400D-A983-62133891C5F9}.Debug|Any CPU.Build.0 = Debug|Any CPU
		{423B3FCF-6756-400D-A983-62133891C5F9}.Release|Any CPU.ActiveCfg = Release|Any CPU
		{423B3FCF-6756-400D-A983-62133891C5F9}.Release|Any CPU.Build.0 = Release|Any CPU
	EndGlobalSection
	GlobalSection(SolutionProperties) = preSolution
		HideSolutionNode = FALSE
	EndGlobalSection
	GlobalSection(ExtensibilityGlobals) = postSolution
		SolutionGuid = {416DFC28-7F45-454B-9D46-3A0AF0105162}
	EndGlobalSection
EndGlobal
